
Microsoft Visual Studio Solution File, Format Version 12.00
# Visual Studio Version 17
VisualStudioVersion = 17.4.33205.214
MinimumVisualStudioVersion = 10.0.40219.1
Project("{888888A0-9F3D-457C-B088-3A5042F75D52}") = "Machine Learning Project", "Machine Learning Project\Machine Learning Project.pyproj", "{2084F75C-BD2D-43DB-8FA4-14859C19BDCE}"
EndProject
Global
	GlobalSection(SolutionConfigurationPlatforms) = preSolution
		Debug|Any CPU = Debug|Any CPU
		Release|Any CPU = Release|Any CPU
	EndGlobalSection
	GlobalSection(ProjectConfigurationPlatforms) = postSolution
		{2084F75C-BD2D-43DB-8FA4-14859C19BDCE}.Debug|Any CPU.ActiveCfg = Debug|Any CPU
		{2084F75C-BD2D-43DB-8FA4-14859C19BDCE}.Release|Any CPU.ActiveCfg = Release|Any CPU
	EndGlobalSection
	GlobalSection(SolutionProperties) = preSolution
		HideSolutionNode = FALSE
	EndGlobalSection
	GlobalSection(ExtensibilityGlobals) = postSolution
		SolutionGuid = {10350EC7-9531-4595-BC78-282BCF15B2D8}
	EndGlobalSection
EndGlobal
